
Microsoft Visual Studio Solution File, Format Version 12.00
# Visual Studio Version 16
VisualStudioVersion = 16.0.30406.217
MinimumVisualStudioVersion = 10.0.40219.1
Project("{FAE04EC0-301F-11D3-BF4B-00C04F79EFBC}") = "nombooker", "nombooker\nombooker.csproj", "{5A162462-48CA-4E8C-BD56-FAD35F9EB03C}"
EndProject
Global
	GlobalSection(SolutionConfigurationPlatforms) = preSolution
		Debug|Any CPU = Debug|Any CPU
		Release|Any CPU = Release|Any CPU
	EndGlobalSection
	GlobalSection(ProjectConfigurationPlatforms) = postSolution
		{5A162462-48CA-4E8C-BD56-FAD35F9EB03C}.Debug|Any CPU.ActiveCfg = Debug|Any CPU
		{5A162462-48CA-4E8C-BD56-FAD35F9EB03C}.Debug|Any CPU.Build.0 = Debug|Any CPU
		{5A162462-48CA-4E8C-BD56-FAD35F9EB03C}.Release|Any CPU.ActiveCfg = Release|Any CPU
		{5A162462-48CA-4E8C-BD56-FAD35F9EB03C}.Release|Any CPU.Build.0 = Release|Any CPU
	EndGlobalSection
	GlobalSection(SolutionProperties) = preSolution
		HideSolutionNode = FALSE
	EndGlobalSection
	GlobalSection(ExtensibilityGlobals) = postSolution
		SolutionGuid = {84FF7B51-C029-4F54-A12A-73E4B38F73FF}
	EndGlobalSection
EndGlobal
